
Microsoft Visual Studio Solution File, Format Version 12.00
# Visual Studio 14
VisualStudioVersion = 14.0.24720.0
MinimumVisualStudioVersion = 10.0.40219.1
Project("{FAE04EC0-301F-11D3-BF4B-00C04F79EFBC}") = "EntityFrameWorkBasics", "EntityFrameWorkBasics.csproj", "{A682C543-5955-4BCD-987B-52F906904924}"
EndProject
Project("{FAE04EC0-301F-11D3-BF4B-00C04F79EFBC}") = "EntityFrameWorkCodeFirst", "..\EntityFrameWorkCodeFirst\EntityFrameWorkCodeFirst.csproj", "{403D8579-ACE4-4306-AB6A-FE68AD53C086}"
EndProject
Global
	GlobalSection(SolutionConfigurationPlatforms) = preSolution
		Debug|Any CPU = Debug|Any CPU
		Release|Any CPU = Release|Any CPU
	EndGlobalSection
	GlobalSection(ProjectConfigurationPlatforms) = postSolution
		{A682C543-5955-4BCD-987B-52F906904924}.Debug|Any CPU.ActiveCfg = Debug|Any CPU
		{A682C543-5955-4BCD-987B-52F906904924}.Debug|Any CPU.Build.0 = Debug|Any CPU
		{A682C543-5955-4BCD-987B-52F906904924}.Release|Any CPU.ActiveCfg = Release|Any CPU
		{A682C543-5955-4BCD-987B-52F906904924}.Release|Any CPU.Build.0 = Release|Any CPU
		{403D8579-ACE4-4306-AB6A-FE68AD53C086}.Debug|Any CPU.ActiveCfg = Debug|Any CPU
		{403D8579-ACE4-4306-AB6A-FE68AD53C086}.Debug|Any CPU.Build.0 = Debug|Any CPU
		{403D8579-ACE4-4306-AB6A-FE68AD53C086}.Release|Any CPU.ActiveCfg = Release|Any CPU
		{403D8579-ACE4-4306-AB6A-FE68AD53C086}.Release|Any CPU.Build.0 = Release|Any CPU
	EndGlobalSection
	GlobalSection(SolutionProperties) = preSolution
		HideSolutionNode = FALSE
	EndGlobalSection
EndGlobal
