
Microsoft Visual Studio Solution File, Format Version 12.00
# Visual Studio 14
VisualStudioVersion = 14.0.24720.0
MinimumVisualStudioVersion = 10.0.40219.1
Project("{FAE04EC0-301F-11D3-BF4B-00C04F79EFBC}") = "ADO.NET.Data", "ADO.NET.Data.csproj", "{688D7E62-D29E-42D3-B239-2D4C52DEBE85}"
EndProject
Project("{FAE04EC0-301F-11D3-BF4B-00C04F79EFBC}") = "ADO.NET.Data.Test", "..\ADO.NET.Data.Test\ADO.NET.Data.Test.csproj", "{DEFB2EB6-5F39-43DA-8EFB-A501B9C801FD}"
EndProject
Project("{FAE04EC0-301F-11D3-BF4B-00C04F79EFBC}") = "SAE.AdventureWorks.BuisnessLogic", "SAE.AdventureWorks.BuisnessLogic\SAE.AdventureWorks.BuisnessLogic.csproj", "{37267227-DE05-4951-B3CE-EABE1AD5C906}"
EndProject
Project("{FAE04EC0-301F-11D3-BF4B-00C04F79EFBC}") = "SAE.AventureWorks.BuisnessLogic.Test", "SAE.AventureWorks.BuisnessLogic.Test\SAE.AventureWorks.BuisnessLogic.Test.csproj", "{D89C4B73-75DD-497D-A61E-D13F791655CE}"
EndProject
Global
	GlobalSection(SolutionConfigurationPlatforms) = preSolution
		Debug|Any CPU = Debug|Any CPU
		Release|Any CPU = Release|Any CPU
	EndGlobalSection
	GlobalSection(ProjectConfigurationPlatforms) = postSolution
		{688D7E62-D29E-42D3-B239-2D4C52DEBE85}.Debug|Any CPU.ActiveCfg = Debug|Any CPU
		{688D7E62-D29E-42D3-B239-2D4C52DEBE85}.Debug|Any CPU.Build.0 = Debug|Any CPU
		{688D7E62-D29E-42D3-B239-2D4C52DEBE85}.Release|Any CPU.ActiveCfg = Release|Any CPU
		{688D7E62-D29E-42D3-B239-2D4C52DEBE85}.Release|Any CPU.Build.0 = Release|Any CPU
		{DEFB2EB6-5F39-43DA-8EFB-A501B9C801FD}.Debug|Any CPU.ActiveCfg = Debug|Any CPU
		{DEFB2EB6-5F39-43DA-8EFB-A501B9C801FD}.Debug|Any CPU.Build.0 = Debug|Any CPU
		{DEFB2EB6-5F39-43DA-8EFB-A501B9C801FD}.Release|Any CPU.ActiveCfg = Release|Any CPU
		{DEFB2EB6-5F39-43DA-8EFB-A501B9C801FD}.Release|Any CPU.Build.0 = Release|Any CPU
		{37267227-DE05-4951-B3CE-EABE1AD5C906}.Debug|Any CPU.ActiveCfg = Debug|Any CPU
		{37267227-DE05-4951-B3CE-EABE1AD5C906}.Debug|Any CPU.Build.0 = Debug|Any CPU
		{37267227-DE05-4951-B3CE-EABE1AD5C906}.Release|Any CPU.ActiveCfg = Release|Any CPU
		{37267227-DE05-4951-B3CE-EABE1AD5C906}.Release|Any CPU.Build.0 = Release|Any CPU
		{D89C4B73-75DD-497D-A61E-D13F791655CE}.Debug|Any CPU.ActiveCfg = Debug|Any CPU
		{D89C4B73-75DD-497D-A61E-D13F791655CE}.Debug|Any CPU.Build.0 = Debug|Any CPU
		{D89C4B73-75DD-497D-A61E-D13F791655CE}.Release|Any CPU.ActiveCfg = Release|Any CPU
		{D89C4B73-75DD-497D-A61E-D13F791655CE}.Release|Any CPU.Build.0 = Release|Any CPU
	EndGlobalSection
	GlobalSection(SolutionProperties) = preSolution
		HideSolutionNode = FALSE
	EndGlobalSection
EndGlobal
